
Microsoft Visual Studio Solution File, Format Version 12.00
# Visual Studio Version 17
VisualStudioVersion = 17.6.33801.468
MinimumVisualStudioVersion = 10.0.40219.1
Project("{FAE04EC0-301F-11D3-BF4B-00C04F79EFBC}") = "GH Studio", "GH Studio\GH Studio.csproj", "{5271C405-4EA1-467D-9198-4FB48AF204D2}"
EndProject
Global
	GlobalSection(SolutionConfigurationPlatforms) = preSolution
		Debug|Any CPU = Debug|Any CPU
		Release|Any CPU = Release|Any CPU
	EndGlobalSection
	GlobalSection(ProjectConfigurationPlatforms) = postSolution
		{5271C405-4EA1-467D-9198-4FB48AF204D2}.Debug|Any CPU.ActiveCfg = Debug|Any CPU
		{5271C405-4EA1-467D-9198-4FB48AF204D2}.Debug|Any CPU.Build.0 = Debug|Any CPU
		{5271C405-4EA1-467D-9198-4FB48AF204D2}.Release|Any CPU.ActiveCfg = Release|Any CPU
		{5271C405-4EA1-467D-9198-4FB48AF204D2}.Release|Any CPU.Build.0 = Release|Any CPU
	EndGlobalSection
	GlobalSection(SolutionProperties) = preSolution
		HideSolutionNode = FALSE
	EndGlobalSection
	GlobalSection(ExtensibilityGlobals) = postSolution
		SolutionGuid = {654AA554-68CB-4381-940B-E4482EB7A276}
	EndGlobalSection
EndGlobal
